hash: 43041a4446fb67219ea7b0cf2684ac73fbe842259ab6f2ee2d608b4cc2e617a5
updated: 2016-11-11T19:57:47.608300663Z
imports:
- name: github.com/agrarianlabs/zkwatcher
  version: cf77705abc33c6907fd59f8808337c0074e6c84f
- name: github.com/samuel/go-zookeeper
  version: 177002e16a0061912f02377e2dd8951a8b3551bc
  subpackages:
  - zk
testImports: []
